
Microsoft Visual Studio Solution File, Format Version 12.00
# Visual Studio 15
VisualStudioVersion = 15.0.28307.168
MinimumVisualStudioVersion = 10.0.40219.1
Project("{FAE04EC0-301F-11D3-BF4B-00C04F79EFBC}") = "Creating an Interface", "Creating an Interface\Creating an Interface.csproj", "{145DC7CD-CDF1-414F-9F06-B06C5047288F}"
EndProject
Global
	GlobalSection(SolutionConfigurationPlatforms) = preSolution
		Debug|Any CPU = Debug|Any CPU
		Release|Any CPU = Release|Any CPU
	EndGlobalSection
	GlobalSection(ProjectConfigurationPlatforms) = postSolution
		{145DC7CD-CDF1-414F-9F06-B06C5047288F}.Debug|Any CPU.ActiveCfg = Debug|Any CPU
		{145DC7CD-CDF1-414F-9F06-B06C5047288F}.Debug|Any CPU.Build.0 = Debug|Any CPU
		{145DC7CD-CDF1-414F-9F06-B06C5047288F}.Release|Any CPU.ActiveCfg = Release|Any CPU
		{145DC7CD-CDF1-414F-9F06-B06C5047288F}.Release|Any CPU.Build.0 = Release|Any CPU
	EndGlobalSection
	GlobalSection(SolutionProperties) = preSolution
		HideSolutionNode = FALSE
	EndGlobalSection
	GlobalSection(ExtensibilityGlobals) = postSolution
		SolutionGuid = {E420D3C1-DB94-4B53-B104-1E5313592AF6}
	EndGlobalSection
EndGlobal
